
Microsoft Visual Studio Solution File, Format Version 12.00
# Visual Studio Version 16
VisualStudioVersion = 16.0.31702.278
MinimumVisualStudioVersion = 10.0.40219.1
Project("{FAE04EC0-301F-11D3-BF4B-00C04F79EFBC}") = "WinFormsApp1", "WinFormsApp1\WinFormsApp1.csproj", "{B10BD798-462D-49F6-951E-C09241B20F85}"
EndProject
Global
	GlobalSection(SolutionConfigurationPlatforms) = preSolution
		Debug|Any CPU = Debug|Any CPU
		Release|Any CPU = Release|Any CPU
	EndGlobalSection
	GlobalSection(ProjectConfigurationPlatforms) = postSolution
		{B10BD798-462D-49F6-951E-C09241B20F85}.Debug|Any CPU.ActiveCfg = Debug|Any CPU
		{B10BD798-462D-49F6-951E-C09241B20F85}.Debug|Any CPU.Build.0 = Debug|Any CPU
		{B10BD798-462D-49F6-951E-C09241B20F85}.Release|Any CPU.ActiveCfg = Release|Any CPU
		{B10BD798-462D-49F6-951E-C09241B20F85}.Release|Any CPU.Build.0 = Release|Any CPU
	EndGlobalSection
	GlobalSection(SolutionProperties) = preSolution
		HideSolutionNode = FALSE
	EndGlobalSection
	GlobalSection(ExtensibilityGlobals) = postSolution
		SolutionGuid = {567D410C-CEB8-4368-8B38-32A2E990A8E7}
	EndGlobalSection
EndGlobal
